// !$*UTF8*$!
{
	archiveVersion = 1;
	classes = {
	};
	objectVersion = 50;
	objects = {

/* Begin PBXBuildFile section */
		372799BB217974EA00261A99 /* LXOverlayView.swift in Sources */ = {isa = PBXBuildFile; fileRef = 372799BA217974EA00261A99 /* LXOverlayView.swift */; };
		372799C62179A6DC00261A99 /* LXOverlayView.xib in Resources */ = {isa = PBXBuildFile; fileRef = 372799C52179A6DC00261A99 /* LXOverlayView.xib */; };
		372867C4219E99DB0083122E /* LXOverlayNormalView.swift in Sources */ = {isa = PBXBuildFile; fileRef = 372867C3219E99DB0083122E /* LXOverlayNormalView.swift */; };
		3728DFC72190347E00A890B5 /* LXPlayerVideoRequest.swift in Sources */ = {isa = PBXBuildFile; fileRef = 3728DFC62190347E00A890B5 /* LXPlayerVideoRequest.swift */; };
		372A3FB1219133FF00B1E4FE /* VideoModel.swift in Sources */ = {isa = PBXBuildFile; fileRef = 372A3FB0219133FF00B1E4FE /* VideoModel.swift */; };
		372A3FB321918D7900B1E4FE /* LXVideoTableViewCell.swift in Sources */ = {isa = PBXBuildFile; fileRef = 372A3FB221918D7900B1E4FE /* LXVideoTableViewCell.swift */; };
		3746725F2186D73C009CDBC2 /* LXFilmStripView.swift in Sources */ = {isa = PBXBuildFile; fileRef = 3746725E2186D73C009CDBC2 /* LXFilmStripView.swift */; };
		374672612186E1E2009CDBC2 /* LXConst.swift in Sources */ = {isa = PBXBuildFile; fileRef = 374672602186E1E2009CDBC2 /* LXConst.swift */; };
		376D445A21774171008EC6FB /* AppDelegate.swift in Sources */ = {isa = PBXBuildFile; fileRef = 376D445921774171008EC6FB /* AppDelegate.swift */; };
		376D445C21774171008EC6FB /* ViewController.swift in Sources */ = {isa = PBXBuildFile; fileRef = 376D445B21774171008EC6FB /* ViewController.swift */; };
		376D445F21774171008EC6FB /* Main.storyboard in Resources */ = {isa = PBXBuildFile; fileRef = 376D445D21774171008EC6FB /* Main.storyboard */; };
		376D446121774172008EC6FB /* Assets.xcassets in Resources */ = {isa = PBXBuildFile; fileRef = 376D446021774172008EC6FB /* Assets.xcassets */; };
		376D446421774172008EC6FB /* LaunchScreen.storyboard in Resources */ = {isa = PBXBuildFile; fileRef = 376D446221774172008EC6FB /* LaunchScreen.storyboard */; };
		377A8A082178717E007ABCCE /* LXPlayerView.swift in Sources */ = {isa = PBXBuildFile; fileRef = 377A8A072178717E007ABCCE /* LXPlayerView.swift */; };
		377A8A0B21787BA1007ABCCE /* hubblecast.m4v in Resources */ = {isa = PBXBuildFile; fileRef = 377A8A0A21787BA1007ABCCE /* hubblecast.m4v */; };
		37870B4D219D1F8900AB9E27 /* LXOverlayNormalView.xib in Resources */ = {isa = PBXBuildFile; fileRef = 37870B4C219D1F8900AB9E27 /* LXOverlayNormalView.xib */; };
		37A0ABCA21840AA2000A9B8E /* LXThumbnail.swift in Sources */ = {isa = PBXBuildFile; fileRef = 37A0ABC921840AA2000A9B8E /* LXThumbnail.swift */; };
		37CD1A1D217822A000EC1A05 /* LXPlayerController.swift in Sources */ = {isa = PBXBuildFile; fileRef = 37CD1A1B2178229F00EC1A05 /* LXPlayerController.swift */; };
		37CD1A22217825EB00EC1A05 /* LXTransport.swift in Sources */ = {isa = PBXBuildFile; fileRef = 37CD1A21217825EB00EC1A05 /* LXTransport.swift */; };
		C35D3DB62F9DA3065D961E14 /* Pods_LXPlayerSwift.framework in Frameworks */ = {isa = PBXBuildFile; fileRef = 94A37BDF383C095E8060013F /* Pods_LXPlayerSwift.framework */; };
/* End PBXBuildFile section */

/* Begin PBXFileReference section */
		372799BA217974EA00261A99 /* LXOverlayView.swift */ = {isa = PBXFileReference; lastKnownFileType = sourcecode.swift; path = LXOverlayView.swift; sourceTree = "<group>"; };
		372799C52179A6DC00261A99 /* LXOverlayView.xib */ = {isa = PBXFileReference; fileEncoding = 4; lastKnownFileType = file.xib; path = LXOverlayView.xib; sourceTree = "<group>"; };
		372867C3219E99DB0083122E /* LXOverlayNormalView.swift */ = {isa = PBXFileReference; fileEncoding = 4; lastKnownFileType = sourcecode.swift; path = LXOverlayNormalView.swift; sourceTree = "<group>"; };
		3728DFC62190347E00A890B5 /* LXPlayerVideoRequest.swift */ = {isa = PBXFileReference; lastKnownFileType = sourcecode.swift; path = LXPlayerVideoRequest.swift; sourceTree = "<group>"; };
		372A3FB0219133FF00B1E4FE /* VideoModel.swift */ = {isa = PBXFileReference; lastKnownFileType = sourcecode.swift; path = VideoModel.swift; sourceTree = "<group>"; };
		372A3FB221918D7900B1E4FE /* LXVideoTableViewCell.swift */ = {isa = PBXFileReference; lastKnownFileType = sourcecode.swift; path = LXVideoTableViewCell.swift; sourceTree = "<group>"; };
		3746725E2186D73C009CDBC2 /* LXFilmStripView.swift */ = {isa = PBXFileReference; lastKnownFileType = sourcecode.swift; path = LXFilmStripView.swift; sourceTree = "<group>"; };
		374672602186E1E2009CDBC2 /* LXConst.swift */ = {isa = PBXFileReference; lastKnownFileType = sourcecode.swift; path = LXConst.swift; sourceTree = "<group>"; };
		376D445621774171008EC6FB /* LXPlayerSwift.app */ = {isa = PBXFileReference; explicitFileType = wrapper.application; includeInIndex = 0; path = LXPlayerSwift.app; sourceTree = BUILT_PRODUCTS_DIR; };
		376D445921774171008EC6FB /* AppDelegate.swift */ = {isa = PBXFileReference; lastKnownFileType = sourcecode.swift; path = AppDelegate.swift; sourceTree = "<group>"; };
		376D445B21774171008EC6FB /* ViewController.swift */ = {isa = PBXFileReference; lastKnownFileType = sourcecode.swift; path = ViewController.swift; sourceTree = "<group>"; };
		376D445E21774171008EC6FB /* Base */ = {isa = PBXFileReference; lastKnownFileType = file.storyboard; name = Base; path = Base.lproj/Main.storyboard; sourceTree = "<group>"; };
		376D446021774172008EC6FB /* Assets.xcassets */ = {isa = PBXFileReference; lastKnownFileType = folder.assetcatalog; path = Assets.xcassets; sourceTree = "<group>"; };
		376D446321774172008EC6FB /* Base */ = {isa = PBXFileReference; lastKnownFileType = file.storyboard; name = Base; path = Base.lproj/LaunchScreen.storyboard; sourceTree = "<group>"; };
		376D446521774172008EC6FB /* Info.plist */ = {isa = PBXFileReference; lastKnownFileType = text.plist.xml; path = Info.plist; sourceTree = "<group>"; };
		377A8A072178717E007ABCCE /* LXPlayerView.swift */ = {isa = PBXFileReference; lastKnownFileType = sourcecode.swift; path = LXPlayerView.swift; sourceTree = "<group>"; };
		377A8A0A21787BA1007ABCCE /* hubblecast.m4v */ = {isa = PBXFileReference; lastKnownFileType = file; path = hubblecast.m4v; sourceTree = "<group>"; };
		37870B4C219D1F8900AB9E27 /* LXOverlayNormalView.xib */ = {isa = PBXFileReference; lastKnownFileType = file.xib; path = LXOverlayNormalView.xib; sourceTree = "<group>"; };
		37A0ABC921840AA2000A9B8E /* LXThumbnail.swift */ = {isa = PBXFileReference; lastKnownFileType = sourcecode.swift; path = LXThumbnail.swift; sourceTree = "<group>"; };
		37CD1A1B2178229F00EC1A05 /* LXPlayerController.swift */ = {isa = PBXFileReference; fileEncoding = 4; lastKnownFileType = sourcecode.swift; path = LXPlayerController.swift; sourceTree = "<group>"; };
		37CD1A21217825EB00EC1A05 /* LXTransport.swift */ = {isa = PBXFileReference; lastKnownFileType = sourcecode.swift; path = LXTransport.swift; sourceTree = "<group>"; };
		94A37BDF383C095E8060013F /* Pods_LXPlayerSwift.framework */ = {isa = PBXFileReference; explicitFileType = wrapper.framework; includeInIndex = 0; path = Pods_LXPlayerSwift.framework; sourceTree = BUILT_PRODUCTS_DIR; };
		DAB4732A3E512F76AD87F8B5 /* Pods-LXPlayerSwift.debug.xcconfig */ = {isa = PBXFileReference; includeInIndex = 1; lastKnownFileType = text.xcconfig; name = "Pods-LXPlayerSwift.debug.xcconfig"; path = "Pods/Target Support Files/Pods-LXPlayerSwift/Pods-LXPlayerSwift.debug.xcconfig"; sourceTree = "<group>"; };
		EEAFA700C56D2972C32C477E /* Pods-LXPlayerSwift.release.xcconfig */ = {isa = PBXFileReference; includeInIndex = 1; lastKnownFileType = text.xcconfig; name = "Pods-LXPlayerSwift.release.xcconfig"; path = "Pods/Target Support Files/Pods-LXPlayerSwift/Pods-LXPlayerSwift.release.xcconfig"; sourceTree = "<group>"; };
/* End PBXFileReference section */

/* Begin PBXFrameworksBuildPhase section */
		376D445321774171008EC6FB /* Frameworks */ = {
			isa = PBXFrameworksBuildPhase;
			buildActionMask = 2147483647;
			files = (
				C35D3DB62F9DA3065D961E14 /* Pods_LXPlayerSwift.framework in Frameworks */,
			);
			runOnlyForDeploymentPostprocessing = 0;
		};
/* End PBXFrameworksBuildPhase section */

/* Begin PBXGroup section */
		3728DFC52190341100A890B5 /* LXPlayer */ = {
			isa = PBXGroup;
			children = (
				374672602186E1E2009CDBC2 /* LXConst.swift */,
				37A0ABC921840AA2000A9B8E /* LXThumbnail.swift */,
				37CD1A21217825EB00EC1A05 /* LXTransport.swift */,
				37CD1A1B2178229F00EC1A05 /* LXPlayerController.swift */,
				372867C3219E99DB0083122E /* LXOverlayNormalView.swift */,
				37870B4C219D1F8900AB9E27 /* LXOverlayNormalView.xib */,
				3746725E2186D73C009CDBC2 /* LXFilmStripView.swift */,
				372799BA217974EA00261A99 /* LXOverlayView.swift */,
				372799C52179A6DC00261A99 /* LXOverlayView.xib */,
				377A8A072178717E007ABCCE /* LXPlayerView.swift */,
			);
			path = LXPlayer;
			sourceTree = "<group>";
		};
		376D444D21774171008EC6FB = {
			isa = PBXGroup;
			children = (
				376D445821774171008EC6FB /* LXPlayerSwift */,
				376D445721774171008EC6FB /* Products */,
				F47F4FADA0E0365E0FA225F5 /* Pods */,
				46F38BBDA118A728A2BC3014 /* Frameworks */,
			);
			sourceTree = "<group>";
		};
		376D445721774171008EC6FB /* Products */ = {
			isa = PBXGroup;
			children = (
				376D445621774171008EC6FB /* LXPlayerSwift.app */,
			);
			name = Products;
			sourceTree = "<group>";
		};
		376D445821774171008EC6FB /* LXPlayerSwift */ = {
			isa = PBXGroup;
			children = (
				3728DFC52190341100A890B5 /* LXPlayer */,
				376D445921774171008EC6FB /* AppDelegate.swift */,
				376D445B21774171008EC6FB /* ViewController.swift */,
				372A3FB221918D7900B1E4FE /* LXVideoTableViewCell.swift */,
				3728DFC62190347E00A890B5 /* LXPlayerVideoRequest.swift */,
				372A3FB0219133FF00B1E4FE /* VideoModel.swift */,
				376D445D21774171008EC6FB /* Main.storyboard */,
				377A8A0921787B5C007ABCCE /* Supporting Files */,
				376D446021774172008EC6FB /* Assets.xcassets */,
				376D446221774172008EC6FB /* LaunchScreen.storyboard */,
				376D446521774172008EC6FB /* Info.plist */,
			);
			path = LXPlayerSwift;
			sourceTree = "<group>";
		};
		377A8A0921787B5C007ABCCE /* Supporting Files */ = {
			isa = PBXGroup;
			children = (
				377A8A0A21787BA1007ABCCE /* hubblecast.m4v */,
			);
			path = "Supporting Files";
			sourceTree = "<group>";
		};
		46F38BBDA118A728A2BC3014 /* Frameworks */ = {
			isa = PBXGroup;
			children = (
				94A37BDF383C095E8060013F /* Pods_LXPlayerSwift.framework */,
			);
			name = Frameworks;
			sourceTree = "<group>";
		};
		F47F4FADA0E0365E0FA225F5 /* Pods */ = {
			isa = PBXGroup;
			children = (
				DAB4732A3E512F76AD87F8B5 /* Pods-LXPlayerSwift.debug.xcconfig */,
				EEAFA700C56D2972C32C477E /* Pods-LXPlayerSwift.release.xcconfig */,
			);
			name = Pods;
			sourceTree = "<group>";
		};
/* End PBXGroup section */

/* Begin PBXNativeTarget section */
		376D445521774171008EC6FB /* LXPlayerSwift */ = {
			isa = PBXNativeTarget;
			buildConfigurationList = 376D446821774172008EC6FB /* Build configuration list for PBXNativeTarget "LXPlayerSwift" */;
			buildPhases = (
				F56CD525865A93D6CF3A01FE /* [CP] Check Pods Manifest.lock */,
				376D445221774171008EC6FB /* Sources */,
				376D445321774171008EC6FB /* Frameworks */,
				376D445421774171008EC6FB /* Resources */,
				1B475FED58DF7443F4DBB6FD /* [CP] Embed Pods Frameworks */,
				A3F232C060248CBD65B00ED4 /* [CP] Copy Pods Resources */,
			);
			buildRules = (
			);
			dependencies = (
			);
			name = LXPlayerSwift;
			productName = LXPlayerSwift;
			productReference = 376D445621774171008EC6FB /* LXPlayerSwift.app */;
			productType = "com.apple.product-type.application";
		};
/* End PBXNativeTarget section */

/* Begin PBXProject section */
		376D444E21774171008EC6FB /* Project object */ = {
			isa = PBXProject;
			attributes = {
				LastSwiftUpdateCheck = 0940;
				LastUpgradeCheck = 0940;
				ORGANIZATIONNAME = donglingxiao;
				TargetAttributes = {
					376D445521774171008EC6FB = {
						CreatedOnToolsVersion = 9.4.1;
					};
				};
			};
			buildConfigurationList = 376D445121774171008EC6FB /* Build configuration list for PBXProject "LXPlayerSwift" */;
			compatibilityVersion = "Xcode 9.3";
			developmentRegion = en;
			hasScannedForEncodings = 0;
			knownRegions = (
				en,
				Base,
			);
			mainGroup = 376D444D21774171008EC6FB;
			productRefGroup = 376D445721774171008EC6FB /* Products */;
			projectDirPath = "";
			projectRoot = "";
			targets = (
				376D445521774171008EC6FB /* LXPlayerSwift */,
			);
		};
/* End PBXProject section */

/* Begin PBXResourcesBuildPhase section */
		376D445421774171008EC6FB /* Resources */ = {
			isa = PBXResourcesBuildPhase;
			buildActionMask = 2147483647;
			files = (
				377A8A0B21787BA1007ABCCE /* hubblecast.m4v in Resources */,
				376D446421774172008EC6FB /* LaunchScreen.storyboard in Resources */,
				37870B4D219D1F8900AB9E27 /* LXOverlayNormalView.xib in Resources */,
				372799C62179A6DC00261A99 /* LXOverlayView.xib in Resources */,
				376D446121774172008EC6FB /* Assets.xcassets in Resources */,
				376D445F21774171008EC6FB /* Main.storyboard in Resources */,
			);
			runOnlyForDeploymentPostprocessing = 0;
		};
/* End PBXResourcesBuildPhase section */

/* Begin PBXShellScriptBuildPhase section */
		1B475FED58DF7443F4DBB6FD /* [CP] Embed Pods Frameworks */ = {
			isa = PBXShellScriptBuildPhase;
			buildActionMask = 2147483647;
			files = (
			);
			inputPaths = (
				"${SRCROOT}/Pods/Target Support Files/Pods-LXPlayerSwift/Pods-LXPlayerSwift-frameworks.sh",
				"${BUILT_PRODUCTS_DIR}/Alamofire/Alamofire.framework",
				"${BUILT_PRODUCTS_DIR}/HandyJSON/HandyJSON.framework",
				"${BUILT_PRODUCTS_DIR}/Kingfisher/Kingfisher.framework",
				"${BUILT_PRODUCTS_DIR}/MJRefresh/MJRefresh.framework",
				"${BUILT_PRODUCTS_DIR}/SnapKit/SnapKit.framework",
			);
			name = "[CP] Embed Pods Frameworks";
			outputPaths = (
				"${TARGET_BUILD_DIR}/${FRAMEWORKS_FOLDER_PATH}/Alamofire.framework",
				"${TARGET_BUILD_DIR}/${FRAMEWORKS_FOLDER_PATH}/HandyJSON.framework",
				"${TARGET_BUILD_DIR}/${FRAMEWORKS_FOLDER_PATH}/Kingfisher.framework",
				"${TARGET_BUILD_DIR}/${FRAMEWORKS_FOLDER_PATH}/MJRefresh.framework",
				"${TARGET_BUILD_DIR}/${FRAMEWORKS_FOLDER_PATH}/SnapKit.framework",
			);
			runOnlyForDeploymentPostprocessing = 0;
			shellPath = /bin/sh;
			shellScript = "\"${SRCROOT}/Pods/Target Support Files/Pods-LXPlayerSwift/Pods-LXPlayerSwift-frameworks.sh\"\n";
			showEnvVarsInLog = 0;
		};
		A3F232C060248CBD65B00ED4 /* [CP] Copy Pods Resources */ = {
			isa = PBXShellScriptBuildPhase;
			buildActionMask = 2147483647;
			files = (
			);
			inputPaths = (
			);
			name = "[CP] Copy Pods Resources";
			outputPaths = (
			);
			runOnlyForDeploymentPostprocessing = 0;
			shellPath = /bin/sh;
			shellScript = "\"${SRCROOT}/Pods/Target Support Files/Pods-LXPlayerSwift/Pods-LXPlayerSwift-resources.sh\"\n";
			showEnvVarsInLog = 0;
		};
		F56CD525865A93D6CF3A01FE /* [CP] Check Pods Manifest.lock */ = {
			isa = PBXShellScriptBuildPhase;
			buildActionMask = 2147483647;
			files = (
			);
			inputPaths = (
				"${PODS_PODFILE_DIR_PATH}/Podfile.lock",
				"${PODS_ROOT}/Manifest.lock",
			);
			name = "[CP] Check Pods Manifest.lock";
			outputPaths = (
				"$(DERIVED_FILE_DIR)/Pods-LXPlayerSwift-checkManifestLockResult.txt",
			);
			runOnlyForDeploymentPostprocessing = 0;
			shellPath = /bin/sh;
			shellScript = "diff \"${PODS_PODFILE_DIR_PATH}/Podfile.lock\" \"${PODS_ROOT}/Manifest.lock\" > /dev/null\nif [ $? != 0 ] ; then\n    # print error to STDERR\n    echo \"error: The sandbox is not in sync with the Podfile.lock. Run 'pod install' or update your CocoaPods installation.\" >&2\n    exit 1\nfi\n# This output is used by Xcode 'outputs' to avoid re-running this script phase.\necho \"SUCCESS\" > \"${SCRIPT_OUTPUT_FILE_0}\"\n";
			showEnvVarsInLog = 0;
		};
/* End PBXShellScriptBuildPhase section */

/* Begin PBXSourcesBuildPhase section */
		376D445221774171008EC6FB /* Sources */ = {
			isa = PBXSourcesBuildPhase;
			buildActionMask = 2147483647;
			files = (
				3728DFC72190347E00A890B5 /* LXPlayerVideoRequest.swift in Sources */,
				376D445C21774171008EC6FB /* ViewController.swift in Sources */,
				376D445A21774171008EC6FB /* AppDelegate.swift in Sources */,
				372799BB217974EA00261A99 /* LXOverlayView.swift in Sources */,
				37CD1A1D217822A000EC1A05 /* LXPlayerController.swift in Sources */,
				37A0ABCA21840AA2000A9B8E /* LXThumbnail.swift in Sources */,
				377A8A082178717E007ABCCE /* LXPlayerView.swift in Sources */,
				372A3FB1219133FF00B1E4FE /* VideoModel.swift in Sources */,
				372867C4219E99DB0083122E /* LXOverlayNormalView.swift in Sources */,
				3746725F2186D73C009CDBC2 /* LXFilmStripView.swift in Sources */,
				37CD1A22217825EB00EC1A05 /* LXTransport.swift in Sources */,
				374672612186E1E2009CDBC2 /* LXConst.swift in Sources */,
				372A3FB321918D7900B1E4FE /* LXVideoTableViewCell.swift in Sources */,
			);
			runOnlyForDeploymentPostprocessing = 0;
		};
/* End PBXSourcesBuildPhase section */

/* Begin PBXVariantGroup section */
		376D445D21774171008EC6FB /* Main.storyboard */ = {
			isa = PBXVariantGroup;
			children = (
				376D445E21774171008EC6FB /* Base */,
			);
			name = Main.storyboard;
			sourceTree = "<group>";
		};
		376D446221774172008EC6FB /* LaunchScreen.storyboard */ = {
			isa = PBXVariantGroup;
			children = (
				376D446321774172008EC6FB /* Base */,
			);
			name = LaunchScreen.storyboard;
			sourceTree = "<group>";
		};
/* End PBXVariantGroup section */

/* Begin XCBuildConfiguration section */
		376D446621774172008EC6FB /* Debug */ = {
			isa = XCBuildConfiguration;
			buildSettings = {
				ALWAYS_SEARCH_USER_PATHS = NO;
				CLANG_ANALYZER_NONNULL = YES;
				CLANG_ANALYZER_NUMBER_OBJECT_CONVERSION = YES_AGGRESSIVE;
				CLANG_CXX_LANGUAGE_STANDARD = "gnu++14";
				CLANG_CXX_LIBRARY = "libc++";
				CLANG_ENABLE_MODULES = YES;
				CLANG_ENABLE_OBJC_ARC = YES;
				CLANG_ENABLE_OBJC_WEAK = YES;
				CLANG_WARN_BLOCK_CAPTURE_AUTORELEASING = YES;
				CLANG_WARN_BOOL_CONVERSION = YES;
				CLANG_WARN_COMMA = YES;
				CLANG_WARN_CONSTANT_CONVERSION = YES;
				CLANG_WARN_DEPRECATED_OBJC_IMPLEMENTATIONS = YES;
				CLANG_WARN_DIRECT_OBJC_ISA_USAGE = YES_ERROR;
				CLANG_WARN_DOCUMENTATION_COMMENTS = YES;
				CLANG_WARN_EMPTY_BODY = YES;
				CLANG_WARN_ENUM_CONVERSION = YES;
				CLANG_WARN_INFINITE_RECURSION = YES;
				CLANG_WARN_INT_CONVERSION = YES;
				CLANG_WARN_NON_LITERAL_NULL_CONVERSION = YES;
				CLANG_WARN_OBJC_IMPLICIT_RETAIN_SELF = YES;
				CLANG_WARN_OBJC_LITERAL_CONVERSION = YES;
				CLANG_WARN_OBJC_ROOT_CLASS = YES_ERROR;
				CLANG_WARN_RANGE_LOOP_ANALYSIS = YES;
				CLANG_WARN_STRICT_PROTOTYPES = YES;
				CLANG_WARN_SUSPICIOUS_MOVE = YES;
				CLANG_WARN_UNGUARDED_AVAILABILITY = YES_AGGRESSIVE;
				CLANG_WARN_UNREACHABLE_CODE = YES;
				CLANG_WARN__DUPLICATE_METHOD_MATCH = YES;
				CODE_SIGN_IDENTITY = "iPhone Developer";
				COPY_PHASE_STRIP = NO;
				DEBUG_INFORMATION_FORMAT = dwarf;
				ENABLE_STRICT_OBJC_MSGSEND = YES;
				ENABLE_TESTABILITY = YES;
				GCC_C_LANGUAGE_STANDARD = gnu11;
				GCC_DYNAMIC_NO_PIC = NO;
				GCC_NO_COMMON_BLOCKS = YES;
				GCC_OPTIMIZATION_LEVEL = 0;
				GCC_PREPROCESSOR_DEFINITIONS = (
					"DEBUG=1",
					"$(inherited)",
				);
				GCC_WARN_64_TO_32_BIT_CONVERSION = YES;
				GCC_WARN_ABOUT_RETURN_TYPE = YES_ERROR;
				GCC_WARN_UNDECLARED_SELECTOR = YES;
				GCC_WARN_UNINITIALIZED_AUTOS = YES_AGGRESSIVE;
				GCC_WARN_UNUSED_FUNCTION = YES;
				GCC_WARN_UNUSED_VARIABLE = YES;
				IPHONEOS_DEPLOYMENT_TARGET = 11.4;
				MTL_ENABLE_DEBUG_INFO = YES;
				ONLY_ACTIVE_ARCH = YES;
				SDKROOT = iphoneos;
				SWIFT_ACTIVE_COMPILATION_CONDITIONS = DEBUG;
				SWIFT_OPTIMIZATION_LEVEL = "-Onone";
			};
			name = Debug;
		};
		376D446721774172008EC6FB /* Release */ = {
			isa = XCBuildConfiguration;
			buildSettings = {
				ALWAYS_SEARCH_USER_PATHS = NO;
				CLANG_ANALYZER_NONNULL = YES;
				CLANG_ANALYZER_NUMBER_OBJECT_CONVERSION = YES_AGGRESSIVE;
				CLANG_CXX_LANGUAGE_STANDARD = "gnu++14";
				CLANG_CXX_LIBRARY = "libc++";
				CLANG_ENABLE_MODULES = YES;
				CLANG_ENABLE_OBJC_ARC = YES;
				CLANG_ENABLE_OBJC_WEAK = YES;
				CLANG_WARN_BLOCK_CAPTURE_AUTORELEASING = YES;
				CLANG_WARN_BOOL_CONVERSION = YES;
				CLANG_WARN_COMMA = YES;
				CLANG_WARN_CONSTANT_CONVERSION = YES;
				CLANG_WARN_DEPRECATED_OBJC_IMPLEMENTATIONS = YES;
				CLANG_WARN_DIRECT_OBJC_ISA_USAGE = YES_ERROR;
				CLANG_WARN_DOCUMENTATION_COMMENTS = YES;
				CLANG_WARN_EMPTY_BODY = YES;
				CLANG_WARN_ENUM_CONVERSION = YES;
				CLANG_WARN_INFINITE_RECURSION = YES;
				CLANG_WARN_INT_CONVERSION = YES;
				CLANG_WARN_NON_LITERAL_NULL_CONVERSION = YES;
				CLANG_WARN_OBJC_IMPLICIT_RETAIN_SELF = YES;
				CLANG_WARN_OBJC_LITERAL_CONVERSION = YES;
				CLANG_WARN_OBJC_ROOT_CLASS = YES_ERROR;
				CLANG_WARN_RANGE_LOOP_ANALYSIS = YES;
				CLANG_WARN_STRICT_PROTOTYPES = YES;
				CLANG_WARN_SUSPICIOUS_MOVE = YES;
				CLANG_WARN_UNGUARDED_AVAILABILITY = YES_AGGRESSIVE;
				CLANG_WARN_UNREACHABLE_CODE = YES;
				CLANG_WARN__DUPLICATE_METHOD_MATCH = YES;
				CODE_SIGN_IDENTITY = "iPhone Developer";
				COPY_PHASE_STRIP = NO;
				DEBUG_INFORMATION_FORMAT = "dwarf-with-dsym";
				ENABLE_NS_ASSERTIONS = NO;
				ENABLE_STRICT_OBJC_MSGSEND = YES;
				GCC_C_LANGUAGE_STANDARD = gnu11;
				GCC_NO_COMMON_BLOCKS = YES;
				GCC_WARN_64_TO_32_BIT_CONVERSION = YES;
				GCC_WARN_ABOUT_RETURN_TYPE = YES_ERROR;
				GCC_WARN_UNDECLARED_SELECTOR = YES;
				GCC_WARN_UNINITIALIZED_AUTOS = YES_AGGRESSIVE;
				GCC_WARN_UNUSED_FUNCTION = YES;
				GCC_WARN_UNUSED_VARIABLE = YES;
				IPHONEOS_DEPLOYMENT_TARGET = 11.4;
				MTL_ENABLE_DEBUG_INFO = NO;
				SDKROOT = iphoneos;
				SWIFT_COMPILATION_MODE = wholemodule;
				SWIFT_OPTIMIZATION_LEVEL = "-O";
				VALIDATE_PRODUCT = YES;
			};
			name = Release;
		};
		376D446921774172008EC6FB /* Debug */ = {
			isa = XCBuildConfiguration;
			baseConfigurationReference = DAB4732A3E512F76AD87F8B5 /* Pods-LXPlayerSwift.debug.xcconfig */;
			buildSettings = {
				ASSETCATALOG_COMPILER_APPICON_NAME = AppIcon;
				CODE_SIGN_STYLE = Automatic;
				DEVELOPMENT_TEAM = 4J7RRKT8QM;
				INFOPLIST_FILE = LXPlayerSwift/Info.plist;
				LD_RUNPATH_SEARCH_PATHS = (
					"$(inherited)",
					"@executable_path/Frameworks",
				);
				PRODUCT_BUNDLE_IDENTIFIER = com.donglingxiao.THPlayer;
				IPHONEOS_DEPLOYMENT_TARGET = 11.3;

				PRODUCT_NAME = "$(TARGET_NAME)";
				SWIFT_VERSION = 4.0;
				TARGETED_DEVICE_FAMILY = "1,2";
			};
			name = Debug;
		};
		376D446A21774172008EC6FB /* Release */ = {
			isa = XCBuildConfiguration;
			baseConfigurationReference = EEAFA700C56D2972C32C477E /* Pods-LXPlayerSwift.release.xcconfig */;
			buildSettings = {
				ASSETCATALOG_COMPILER_APPICON_NAME = AppIcon;
				CODE_SIGN_STYLE = Automatic;
				DEVELOPMENT_TEAM = 4J7RRKT8QM;
				INFOPLIST_FILE = LXPlayerSwift/Info.plist;

				LD_RUNPATH_SEARCH_PATHS = (
					"$(inherited)",
					"@executable_path/Frameworks",
				);
				PRODUCT_BUNDLE_IDENTIFIER = com.donglingxiao.THPlayer;

				IPHONEOS_DEPLOYMENT_TARGET = 11.3;

				PRODUCT_NAME = "$(TARGET_NAME)";
				SWIFT_VERSION = 4.0;
				TARGETED_DEVICE_FAMILY = "1,2";
			};
			name = Release;
		};
/* End XCBuildConfiguration section */

/* Begin XCConfigurationList section */
		376D445121774171008EC6FB /* Build configuration list for PBXProject "LXPlayerSwift" */ = {
			isa = XCConfigurationList;
			buildConfigurations = (
				376D446621774172008EC6FB /* Debug */,
				376D446721774172008EC6FB /* Release */,
			);
			defaultConfigurationIsVisible = 0;
			defaultConfigurationName = Release;
		};
		376D446821774172008EC6FB /* Build configuration list for PBXNativeTarget "LXPlayerSwift" */ = {
			isa = XCConfigurationList;
			buildConfigurations = (
				376D446921774172008EC6FB /* Debug */,
				376D446A21774172008EC6FB /* Release */,
			);
			defaultConfigurationIsVisible = 0;
			defaultConfigurationName = Release;
		};
/* End XCConfigurationList section */
	};
	rootObject = 376D444E21774171008EC6FB /* Project object */;
}
