// !$*UTF8*$!
{
	archiveVersion = 1;
	classes = {
	};
	objectVersion = 50;
	objects = {

/* Begin PBXBuildFile section */
		376D445A21774171008EC6FB /* AppDelegate.swift in Sources */ = {isa = PBXBuildFile; fileRef = 376D445921774171008EC6FB /* AppDelegate.swift */; };
		376D445C21774171008EC6FB /* ViewController.swift in Sources */ = {isa = PBXBuildFile; fileRef = 376D445B21774171008EC6FB /* ViewController.swift */; };
		376D445F21774171008EC6FB /* Main.storyboard in Resources */ = {isa = PBXBuildFile; fileRef = 376D445D21774171008EC6FB /* Main.storyboard */; };
		376D446121774172008EC6FB /* Assets.xcassets in Resources */ = {isa = PBXBuildFile; fileRef = 376D446021774172008EC6FB /* Assets.xcassets */; };
		376D446421774172008EC6FB /* LaunchScreen.storyboard in Resources */ = {isa = PBXBuildFile; fileRef = 376D446221774172008EC6FB /* LaunchScreen.storyboard */; };
		376D446D21774182008EC6FB /* LXPLayerViewController.swift in Sources */ = {isa = PBXBuildFile; fileRef = 376D446B21774181008EC6FB /* LXPLayerViewController.swift */; };
		376D446E21774182008EC6FB /* LXPlayerController.swift in Sources */ = {isa = PBXBuildFile; fileRef = 376D446C21774182008EC6FB /* LXPlayerController.swift */; };
/* End PBXBuildFile section */

/* Begin PBXFileReference section */
		376D445621774171008EC6FB /* LXPlayerSwift.app */ = {isa = PBXFileReference; explicitFileType = wrapper.application; includeInIndex = 0; path = LXPlayerSwift.app; sourceTree = BUILT_PRODUCTS_DIR; };
		376D445921774171008EC6FB /* AppDelegate.swift */ = {isa = PBXFileReference; lastKnownFileType = sourcecode.swift; path = AppDelegate.swift; sourceTree = "<group>"; };
		376D445B21774171008EC6FB /* ViewController.swift */ = {isa = PBXFileReference; lastKnownFileType = sourcecode.swift; path = ViewController.swift; sourceTree = "<group>"; };
		376D445E21774171008EC6FB /* Base */ = {isa = PBXFileReference; lastKnownFileType = file.storyboard; name = Base; path = Base.lproj/Main.storyboard; sourceTree = "<group>"; };
		376D446021774172008EC6FB /* Assets.xcassets */ = {isa = PBXFileReference; lastKnownFileType = folder.assetcatalog; path = Assets.xcassets; sourceTree = "<group>"; };
		376D446321774172008EC6FB /* Base */ = {isa = PBXFileReference; lastKnownFileType = file.storyboard; name = Base; path = Base.lproj/LaunchScreen.storyboard; sourceTree = "<group>"; };
		376D446521774172008EC6FB /* Info.plist */ = {isa = PBXFileReference; lastKnownFileType = text.plist.xml; path = Info.plist; sourceTree = "<group>"; };
		376D446B21774181008EC6FB /* LXPLayerViewController.swift */ = {isa = PBXFileReference; fileEncoding = 4; lastKnownFileType = sourcecode.swift; name = LXPLayerViewController.swift; path = ../../LXAVPlayerSwift/LXAVPlayerSwift/LXPLayerViewController.swift; sourceTree = "<group>"; };
		376D446C21774182008EC6FB /* LXPlayerController.swift */ = {isa = PBXFileReference; fileEncoding = 4; lastKnownFileType = sourcecode.swift; name = LXPlayerController.swift; path = ../../LXAVPlayerSwift/LXAVPlayerSwift/LXPlayerController.swift; sourceTree = "<group>"; };
/* End PBXFileReference section */

/* Begin PBXFrameworksBuildPhase section */
		376D445321774171008EC6FB /* Frameworks */ = {
			isa = PBXFrameworksBuildPhase;
			buildActionMask = 2147483647;
			files = (
			);
			runOnlyForDeploymentPostprocessing = 0;
		};
/* End PBXFrameworksBuildPhase section */

/* Begin PBXGroup section */
		376D444D21774171008EC6FB = {
			isa = PBXGroup;
			children = (
				376D445821774171008EC6FB /* LXPlayerSwift */,
				376D445721774171008EC6FB /* Products */,
			);
			sourceTree = "<group>";
		};
		376D445721774171008EC6FB /* Products */ = {
			isa = PBXGroup;
			children = (
				376D445621774171008EC6FB /* LXPlayerSwift.app */,
			);
			name = Products;
			sourceTree = "<group>";
		};
		376D445821774171008EC6FB /* LXPlayerSwift */ = {
			isa = PBXGroup;
			children = (
				376D445921774171008EC6FB /* AppDelegate.swift */,
				376D445B21774171008EC6FB /* ViewController.swift */,
				376D446C21774182008EC6FB /* LXPlayerController.swift */,
				376D446B21774181008EC6FB /* LXPLayerViewController.swift */,
				376D445D21774171008EC6FB /* Main.storyboard */,
				376D446021774172008EC6FB /* Assets.xcassets */,
				376D446221774172008EC6FB /* LaunchScreen.storyboard */,
				376D446521774172008EC6FB /* Info.plist */,
			);
			path = LXPlayerSwift;
			sourceTree = "<group>";
		};
/* End PBXGroup section */

/* Begin PBXNativeTarget section */
		376D445521774171008EC6FB /* LXPlayerSwift */ = {
			isa = PBXNativeTarget;
			buildConfigurationList = 376D446821774172008EC6FB /* Build configuration list for PBXNativeTarget "LXPlayerSwift" */;
			buildPhases = (
				376D445221774171008EC6FB /* Sources */,
				376D445321774171008EC6FB /* Frameworks */,
				376D445421774171008EC6FB /* Resources */,
			);
			buildRules = (
			);
			dependencies = (
			);
			name = LXPlayerSwift;
			productName = LXPlayerSwift;
			productReference = 376D445621774171008EC6FB /* LXPlayerSwift.app */;
			productType = "com.apple.product-type.application";
		};
/* End PBXNativeTarget section */

/* Begin PBXProject section */
		376D444E21774171008EC6FB /* Project object */ = {
			isa = PBXProject;
			attributes = {
				LastSwiftUpdateCheck = 0940;
				LastUpgradeCheck = 0940;
				ORGANIZATIONNAME = donglingxiao;
				TargetAttributes = {
					376D445521774171008EC6FB = {
						CreatedOnToolsVersion = 9.4.1;
					};
				};
			};
			buildConfigurationList = 376D445121774171008EC6FB /* Build configuration list for PBXProject "LXPlayerSwift" */;
			compatibilityVersion = "Xcode 9.3";
			developmentRegion = en;
			hasScannedForEncodings = 0;
			knownRegions = (
				en,
				Base,
			);
			mainGroup = 376D444D21774171008EC6FB;
			productRefGroup = 376D445721774171008EC6FB /* Products */;
			projectDirPath = "";
			projectRoot = "";
			targets = (
				376D445521774171008EC6FB /* LXPlayerSwift */,
			);
		};
/* End PBXProject section */

/* Begin PBXResourcesBuildPhase section */
		376D445421774171008EC6FB /* Resources */ = {
			isa = PBXResourcesBuildPhase;
			buildActionMask = 2147483647;
			files = (
				376D446421774172008EC6FB /* LaunchScreen.storyboard in Resources */,
				376D446121774172008EC6FB /* Assets.xcassets in Resources */,
				376D445F21774171008EC6FB /* Main.storyboard in Resources */,
			);
			runOnlyForDeploymentPostprocessing = 0;
		};
/* End PBXResourcesBuildPhase section */

/* Begin PBXSourcesBuildPhase section */
		376D445221774171008EC6FB /* Sources */ = {
			isa = PBXSourcesBuildPhase;
			buildActionMask = 2147483647;
			files = (
				376D446E21774182008EC6FB /* LXPlayerController.swift in Sources */,
				376D446D21774182008EC6FB /* LXPLayerViewController.swift in Sources */,
				376D445C21774171008EC6FB /* ViewController.swift in Sources */,
				376D445A21774171008EC6FB /* AppDelegate.swift in Sources */,
			);
			runOnlyForDeploymentPostprocessing = 0;
		};
/* End PBXSourcesBuildPhase section */

/* Begin PBXVariantGroup section */
		376D445D21774171008EC6FB /* Main.storyboard */ = {
			isa = PBXVariantGroup;
			children = (
				376D445E21774171008EC6FB /* Base */,
			);
			name = Main.storyboard;
			sourceTree = "<group>";
		};
		376D446221774172008EC6FB /* LaunchScreen.storyboard */ = {
			isa = PBXVariantGroup;
			children = (
				376D446321774172008EC6FB /* Base */,
			);
			name = LaunchScreen.storyboard;
			sourceTree = "<group>";
		};
/* End PBXVariantGroup section */

/* Begin XCBuildConfiguration section */
		376D446621774172008EC6FB /* Debug */ = {
			isa = XCBuildConfiguration;
			buildSettings = {
				ALWAYS_SEARCH_USER_PATHS = NO;
				CLANG_ANALYZER_NONNULL = YES;
				CLANG_ANALYZER_NUMBER_OBJECT_CONVERSION = YES_AGGRESSIVE;
				CLANG_CXX_LANGUAGE_STANDARD = "gnu++14";
				CLANG_CXX_LIBRARY = "libc++";
				CLANG_ENABLE_MODULES = YES;
				CLANG_ENABLE_OBJC_ARC = YES;
				CLANG_ENABLE_OBJC_WEAK = YES;
				CLANG_WARN_BLOCK_CAPTURE_AUTORELEASING = YES;
				CLANG_WARN_BOOL_CONVERSION = YES;
				CLANG_WARN_COMMA = YES;
				CLANG_WARN_CONSTANT_CONVERSION = YES;
				CLANG_WARN_DEPRECATED_OBJC_IMPLEMENTATIONS = YES;
				CLANG_WARN_DIRECT_OBJC_ISA_USAGE = YES_ERROR;
				CLANG_WARN_DOCUMENTATION_COMMENTS = YES;
				CLANG_WARN_EMPTY_BODY = YES;
				CLANG_WARN_ENUM_CONVERSION = YES;
				CLANG_WARN_INFINITE_RECURSION = YES;
				CLANG_WARN_INT_CONVERSION = YES;
				CLANG_WARN_NON_LITERAL_NULL_CONVERSION = YES;
				CLANG_WARN_OBJC_IMPLICIT_RETAIN_SELF = YES;
				CLANG_WARN_OBJC_LITERAL_CONVERSION = YES;
				CLANG_WARN_OBJC_ROOT_CLASS = YES_ERROR;
				CLANG_WARN_RANGE_LOOP_ANALYSIS = YES;
				CLANG_WARN_STRICT_PROTOTYPES = YES;
				CLANG_WARN_SUSPICIOUS_MOVE = YES;
				CLANG_WARN_UNGUARDED_AVAILABILITY = YES_AGGRESSIVE;
				CLANG_WARN_UNREACHABLE_CODE = YES;
				CLANG_WARN__DUPLICATE_METHOD_MATCH = YES;
				CODE_SIGN_IDENTITY = "iPhone Developer";
				COPY_PHASE_STRIP = NO;
				DEBUG_INFORMATION_FORMAT = dwarf;
				ENABLE_STRICT_OBJC_MSGSEND = YES;
				ENABLE_TESTABILITY = YES;
				GCC_C_LANGUAGE_STANDARD = gnu11;
				GCC_DYNAMIC_NO_PIC = NO;
				GCC_NO_COMMON_BLOCKS = YES;
				GCC_OPTIMIZATION_LEVEL = 0;
				GCC_PREPROCESSOR_DEFINITIONS = (
					"DEBUG=1",
					"$(inherited)",
				);
				GCC_WARN_64_TO_32_BIT_CONVERSION = YES;
				GCC_WARN_ABOUT_RETURN_TYPE = YES_ERROR;
				GCC_WARN_UNDECLARED_SELECTOR = YES;
				GCC_WARN_UNINITIALIZED_AUTOS = YES_AGGRESSIVE;
				GCC_WARN_UNUSED_FUNCTION = YES;
				GCC_WARN_UNUSED_VARIABLE = YES;
				IPHONEOS_DEPLOYMENT_TARGET = 11.4;
				MTL_ENABLE_DEBUG_INFO = YES;
				ONLY_ACTIVE_ARCH = YES;
				SDKROOT = iphoneos;
				SWIFT_ACTIVE_COMPILATION_CONDITIONS = DEBUG;
				SWIFT_OPTIMIZATION_LEVEL = "-Onone";
			};
			name = Debug;
		};
		376D446721774172008EC6FB /* Release */ = {
			isa = XCBuildConfiguration;
			buildSettings = {
				ALWAYS_SEARCH_USER_PATHS = NO;
				CLANG_ANALYZER_NONNULL = YES;
				CLANG_ANALYZER_NUMBER_OBJECT_CONVERSION = YES_AGGRESSIVE;
				CLANG_CXX_LANGUAGE_STANDARD = "gnu++14";
				CLANG_CXX_LIBRARY = "libc++";
				CLANG_ENABLE_MODULES = YES;
				CLANG_ENABLE_OBJC_ARC = YES;
				CLANG_ENABLE_OBJC_WEAK = YES;
				CLANG_WARN_BLOCK_CAPTURE_AUTORELEASING = YES;
				CLANG_WARN_BOOL_CONVERSION = YES;
				CLANG_WARN_COMMA = YES;
				CLANG_WARN_CONSTANT_CONVERSION = YES;
				CLANG_WARN_DEPRECATED_OBJC_IMPLEMENTATIONS = YES;
				CLANG_WARN_DIRECT_OBJC_ISA_USAGE = YES_ERROR;
				CLANG_WARN_DOCUMENTATION_COMMENTS = YES;
				CLANG_WARN_EMPTY_BODY = YES;
				CLANG_WARN_ENUM_CONVERSION = YES;
				CLANG_WARN_INFINITE_RECURSION = YES;
				CLANG_WARN_INT_CONVERSION = YES;
				CLANG_WARN_NON_LITERAL_NULL_CONVERSION = YES;
				CLANG_WARN_OBJC_IMPLICIT_RETAIN_SELF = YES;
				CLANG_WARN_OBJC_LITERAL_CONVERSION = YES;
				CLANG_WARN_OBJC_ROOT_CLASS = YES_ERROR;
				CLANG_WARN_RANGE_LOOP_ANALYSIS = YES;
				CLANG_WARN_STRICT_PROTOTYPES = YES;
				CLANG_WARN_SUSPICIOUS_MOVE = YES;
				CLANG_WARN_UNGUARDED_AVAILABILITY = YES_AGGRESSIVE;
				CLANG_WARN_UNREACHABLE_CODE = YES;
				CLANG_WARN__DUPLICATE_METHOD_MATCH = YES;
				CODE_SIGN_IDENTITY = "iPhone Developer";
				COPY_PHASE_STRIP = NO;
				DEBUG_INFORMATION_FORMAT = "dwarf-with-dsym";
				ENABLE_NS_ASSERTIONS = NO;
				ENABLE_STRICT_OBJC_MSGSEND = YES;
				GCC_C_LANGUAGE_STANDARD = gnu11;
				GCC_NO_COMMON_BLOCKS = YES;
				GCC_WARN_64_TO_32_BIT_CONVERSION = YES;
				GCC_WARN_ABOUT_RETURN_TYPE = YES_ERROR;
				GCC_WARN_UNDECLARED_SELECTOR = YES;
				GCC_WARN_UNINITIALIZED_AUTOS = YES_AGGRESSIVE;
				GCC_WARN_UNUSED_FUNCTION = YES;
				GCC_WARN_UNUSED_VARIABLE = YES;
				IPHONEOS_DEPLOYMENT_TARGET = 11.4;
				MTL_ENABLE_DEBUG_INFO = NO;
				SDKROOT = iphoneos;
				SWIFT_COMPILATION_MODE = wholemodule;
				SWIFT_OPTIMIZATION_LEVEL = "-O";
				VALIDATE_PRODUCT = YES;
			};
			name = Release;
		};
		376D446921774172008EC6FB /* Debug */ = {
			isa = XCBuildConfiguration;
			buildSettings = {
				ASSETCATALOG_COMPILER_APPICON_NAME = AppIcon;
				CODE_SIGN_STYLE = Automatic;
				DEVELOPMENT_TEAM = 4J7RRKT8QM;
				INFOPLIST_FILE = LXPlayerSwift/Info.plist;
				LD_RUNPATH_SEARCH_PATHS = (
					"$(inherited)",
					"@executable_path/Frameworks",
				);
				PRODUCT_BUNDLE_IDENTIFIER = com.donglingxiao.test.LXPlayerSwift;
				PRODUCT_NAME = "$(TARGET_NAME)";
				SWIFT_VERSION = 4.0;
				TARGETED_DEVICE_FAMILY = "1,2";
			};
			name = Debug;
		};
		376D446A21774172008EC6FB /* Release */ = {
			isa = XCBuildConfiguration;
			buildSettings = {
				ASSETCATALOG_COMPILER_APPICON_NAME = AppIcon;
				CODE_SIGN_STYLE = Automatic;
				DEVELOPMENT_TEAM = 4J7RRKT8QM;
				INFOPLIST_FILE = LXPlayerSwift/Info.plist;
				LD_RUNPATH_SEARCH_PATHS = (
					"$(inherited)",
					"@executable_path/Frameworks",
				);
				PRODUCT_BUNDLE_IDENTIFIER = com.donglingxiao.test.LXPlayerSwift;
				PRODUCT_NAME = "$(TARGET_NAME)";
				SWIFT_VERSION = 4.0;
				TARGETED_DEVICE_FAMILY = "1,2";
			};
			name = Release;
		};
/* End XCBuildConfiguration section */

/* Begin XCConfigurationList section */
		376D445121774171008EC6FB /* Build configuration list for PBXProject "LXPlayerSwift" */ = {
			isa = XCConfigurationList;
			buildConfigurations = (
				376D446621774172008EC6FB /* Debug */,
				376D446721774172008EC6FB /* Release */,
			);
			defaultConfigurationIsVisible = 0;
			defaultConfigurationName = Release;
		};
		376D446821774172008EC6FB /* Build configuration list for PBXNativeTarget "LXPlayerSwift" */ = {
			isa = XCConfigurationList;
			buildConfigurations = (
				376D446921774172008EC6FB /* Debug */,
				376D446A21774172008EC6FB /* Release */,
			);
			defaultConfigurationIsVisible = 0;
			defaultConfigurationName = Release;
		};
/* End XCConfigurationList section */
	};
	rootObject = 376D444E21774171008EC6FB /* Project object */;
}
